
Microsoft Visual Studio Solution File, Format Version 12.00
# Visual Studio Version 16
VisualStudioVersion = 16.0.30011.22
MinimumVisualStudioVersion = 10.0.40219.1
Project("{FAE04EC0-301F-11D3-BF4B-00C04F79EFBC}") = "ARU-Server", "ARU-Server\ARU-Server.csproj", "{172BB0DE-6183-4515-AF1D-68AD68A23072}"
EndProject
Global
	GlobalSection(SolutionConfigurationPlatforms) = preSolution
		Debug|Any CPU = Debug|Any CPU
		Release|Any CPU = Release|Any CPU
	EndGlobalSection
	GlobalSection(ProjectConfigurationPlatforms) = postSolution
		{172BB0DE-6183-4515-AF1D-68AD68A23072}.Debug|Any CPU.ActiveCfg = Debug|Any CPU
		{172BB0DE-6183-4515-AF1D-68AD68A23072}.Debug|Any CPU.Build.0 = Debug|Any CPU
		{172BB0DE-6183-4515-AF1D-68AD68A23072}.Release|Any CPU.ActiveCfg = Release|Any CPU
		{172BB0DE-6183-4515-AF1D-68AD68A23072}.Release|Any CPU.Build.0 = Release|Any CPU
	EndGlobalSection
	GlobalSection(SolutionProperties) = preSolution
		HideSolutionNode = FALSE
	EndGlobalSection
	GlobalSection(ExtensibilityGlobals) = postSolution
		SolutionGuid = {1FF510BE-B6F9-4F9B-8698-A8F36E4646A0}
	EndGlobalSection
EndGlobal
